{
  "name": "near-bindgen",
  "version": "0.0.0",
  "lockfileVersion": 1,
  "requires": true,
  "dependencies": {
    "assemblyscript-json": {
      "version": "github:nearprotocol/assemblyscript-json#ef54d6f227585cbee70d0df7abba9144c020e7ab",
      "from": "github:nearprotocol/assemblyscript-json#staging"
    },
    "bignum": {
      "version": "github:MaxGraey/bignum.wasm#0d08196706b6ac53975bacd43710baee62470e1d",
      "from": "github:MaxGraey/bignum.wasm"
    },
    "near-runtime-ts": {
      "version": "github:nearprotocol/near-runtime-ts#f91173cb9c1ae4dd8fd4d7b206486ba683ebf524",
      "from": "github:nearprotocol/near-runtime-ts#staging",
      "requires": {
        "assemblyscript-json": "github:nearprotocol/assemblyscript-json#staging",
        "bignum": "github:MaxGraey/bignum.wasm"
      }
    }
  }
}
