{
  "name": "near-bindgen",
  "version": "0.0.0",
  "lockfileVersion": 1,
  "requires": true,
  "dependencies": {
    "assemblyscript-json": {
      "version": "github:WebAssemblyOS/assemblyscript-json#ed4baeee0c87633de249c9a82ae0c9e23d1348cc",
      "from": "github:WebAssemblyOS/assemblyscript-json#near_dist"
    },
    "bignum": {
      "version": "github:WebAssemblyOS/bignum.wasm#1466dccf61006b8d39bc3d07a76c774178acafac",
      "from": "github:WebAssemblyOS/bignum.wasm#near_dist"
    },
    "near-runtime-ts": {
      "version": "github:nearprotocol/near-runtime-ts#caa33a575675e46896058670706756002ff0207c",
      "from": "github:nearprotocol/near-runtime-ts#staging"
    }
  }
}
