{
  "name": "near-bindgen",
  "version": "0.0.0",
  "lockfileVersion": 1,
  "requires": true,
  "dependencies": {
    "near-runtime-ts": {
      "version": "github:nearprotocol/near-runtime-ts#caa33a575675e46896058670706756002ff0207c",
      "from": "github:nearprotocol/near-runtime-ts#staging"
    }
  }
}
